
Microsoft Visual Studio Solution File, Format Version 12.00
# Visual Studio 15
VisualStudioVersion = 15.0.27130.2024
MinimumVisualStudioVersion = 14.0.23107.0
Project("{2150E333-8FDC-42A3-9474-1A3956D46DE8}") = "Solution Items", "Solution Items", "{EC54316A-A3B9-4EF5-A74C-1EC2344D0EA4}"
	ProjectSection(SolutionItems) = preProject
		changelog.txt = changelog.txt
		Common.Logging.build = Common.Logging.build
		src\CommonAssemblyInfo.cs.template = src\CommonAssemblyInfo.cs.template
		doc\api\introduction.html = doc\api\introduction.html
		Logging.ndoc = Logging.ndoc
	EndProjectSection
EndProject
Project("{9A19103F-16F7-4668-BE54-9A1E7A4F7556}") = "Common.Logging.Core", "src\Common.Logging.Core\Common.Logging.Core.csproj", "{0FB4F6EF-274F-47F4-924C-6057A1B0B659}"
EndProject
Project("{9A19103F-16F7-4668-BE54-9A1E7A4F7556}") = "Common.Logging", "src\Common.Logging\Common.Logging.csproj", "{3B4F1EF2-24C7-4688-B8A2-F10D0351FAA8}"
EndProject
Project("{9A19103F-16F7-4668-BE54-9A1E7A4F7556}") = "Common.Logging.Log4Net", "src\Common.Logging.Log4Net\Common.Logging.Log4Net.csproj", "{4B0126CF-7C19-445B-94A1-B5BD6730936D}"
EndProject
Global
	GlobalSection(SolutionConfigurationPlatforms) = preSolution
		Debug|Any CPU = Debug|Any CPU
		Release|Any CPU = Release|Any CPU
	EndGlobalSection
	GlobalSection(ProjectConfigurationPlatforms) = postSolution
		{0FB4F6EF-274F-47F4-924C-6057A1B0B659}.Debug|Any CPU.ActiveCfg = Debug|Any CPU
		{0FB4F6EF-274F-47F4-924C-6057A1B0B659}.Debug|Any CPU.Build.0 = Debug|Any CPU
		{0FB4F6EF-274F-47F4-924C-6057A1B0B659}.Release|Any CPU.ActiveCfg = Release|Any CPU
		{0FB4F6EF-274F-47F4-924C-6057A1B0B659}.Release|Any CPU.Build.0 = Release|Any CPU
		{3B4F1EF2-24C7-4688-B8A2-F10D0351FAA8}.Debug|Any CPU.ActiveCfg = Debug|Any CPU
		{3B4F1EF2-24C7-4688-B8A2-F10D0351FAA8}.Debug|Any CPU.Build.0 = Debug|Any CPU
		{3B4F1EF2-24C7-4688-B8A2-F10D0351FAA8}.Release|Any CPU.ActiveCfg = Release|Any CPU
		{3B4F1EF2-24C7-4688-B8A2-F10D0351FAA8}.Release|Any CPU.Build.0 = Release|Any CPU
		{4B0126CF-7C19-445B-94A1-B5BD6730936D}.Debug|Any CPU.ActiveCfg = Debug|Any CPU
		{4B0126CF-7C19-445B-94A1-B5BD6730936D}.Debug|Any CPU.Build.0 = Debug|Any CPU
		{4B0126CF-7C19-445B-94A1-B5BD6730936D}.Release|Any CPU.ActiveCfg = Release|Any CPU
		{4B0126CF-7C19-445B-94A1-B5BD6730936D}.Release|Any CPU.Build.0 = Release|Any CPU
	EndGlobalSection
	GlobalSection(SolutionProperties) = preSolution
		HideSolutionNode = FALSE
	EndGlobalSection
	GlobalSection(ExtensibilityGlobals) = postSolution
		NAntAddinLastFileName = Common.Logging.build
		SolutionGuid = {CEA54A9C-A027-4950-BD57-3624997CE213}
	EndGlobalSection
EndGlobal
